
Microsoft Visual Studio Solution File, Format Version 12.00
# Visual Studio Version 17
VisualStudioVersion = 17.5.33516.290
MinimumVisualStudioVersion = 17.0.31903.59
Project("{FAE04EC0-301F-11D3-BF4B-00C04F79EFBC}") = "ArgosCA.Bot", "ArgosCA.Bot\ArgosCA.Bot.csproj", "{BDADE302-6ABB-4FEA-9878-87A08E07A98E}"
EndProject
Global
	GlobalSection(SolutionConfigurationPlatforms) = preSolution
		Debug|Any CPU = Debug|Any CPU
		Release|Any CPU = Release|Any CPU
	EndGlobalSection
	GlobalSection(ProjectConfigurationPlatforms) = postSolution
		{BDADE302-6ABB-4FEA-9878-87A08E07A98E}.Debug|Any CPU.ActiveCfg = Debug|Any CPU
		{BDADE302-6ABB-4FEA-9878-87A08E07A98E}.Debug|Any CPU.Build.0 = Debug|Any CPU
		{BDADE302-6ABB-4FEA-9878-87A08E07A98E}.Release|Any CPU.ActiveCfg = Release|Any CPU
		{BDADE302-6ABB-4FEA-9878-87A08E07A98E}.Release|Any CPU.Build.0 = Release|Any CPU
	EndGlobalSection
	GlobalSection(SolutionProperties) = preSolution
		HideSolutionNode = FALSE
	EndGlobalSection
	GlobalSection(ExtensibilityGlobals) = postSolution
		SolutionGuid = {FD1ECD5C-569F-470E-B1EE-C0BABCF6F94B}
	EndGlobalSection
EndGlobal
